
Microsoft Visual Studio Solution File, Format Version 12.00
# Visual Studio Version 17
VisualStudioVersion = 17.3.32929.385
MinimumVisualStudioVersion = 10.0.40219.1
Project("{FAE04EC0-301F-11D3-BF4B-00C04F79EFBC}") = "VremenskaPrognoza", "VremenskaPrognoza.csproj", "{2B64D5E9-BA23-4422-9D4D-5BE22591CB29}"
EndProject
Global
	GlobalSection(SolutionConfigurationPlatforms) = preSolution
		Debug|Any CPU = Debug|Any CPU
		Release|Any CPU = Release|Any CPU
	EndGlobalSection
	GlobalSection(ProjectConfigurationPlatforms) = postSolution
		{2B64D5E9-BA23-4422-9D4D-5BE22591CB29}.Debug|Any CPU.ActiveCfg = Debug|Any CPU
		{2B64D5E9-BA23-4422-9D4D-5BE22591CB29}.Debug|Any CPU.Build.0 = Debug|Any CPU
		{2B64D5E9-BA23-4422-9D4D-5BE22591CB29}.Release|Any CPU.ActiveCfg = Release|Any CPU
		{2B64D5E9-BA23-4422-9D4D-5BE22591CB29}.Release|Any CPU.Build.0 = Release|Any CPU
	EndGlobalSection
	GlobalSection(SolutionProperties) = preSolution
		HideSolutionNode = FALSE
	EndGlobalSection
	GlobalSection(ExtensibilityGlobals) = postSolution
		SolutionGuid = {6D484094-1D20-4FDA-8E97-FF47146CE8E1}
	EndGlobalSection
EndGlobal
